
Microsoft Visual Studio Solution File, Format Version 12.00
# Visual Studio Version 17
VisualStudioVersion = 17.3.32922.545
MinimumVisualStudioVersion = 10.0.40219.1
Project("{9A19103F-16F7-4668-BE54-9A1E7A4F7556}") = "LaLlamaDelBosque", "LaLlamaDelBosque.csproj", "{CC276E97-D885-4A3A-97B7-B58C1C13606E}"
EndProject
Global
	GlobalSection(SolutionConfigurationPlatforms) = preSolution
		Debug|Any CPU = Debug|Any CPU
		Release|Any CPU = Release|Any CPU
	EndGlobalSection
	GlobalSection(ProjectConfigurationPlatforms) = postSolution
		{CC276E97-D885-4A3A-97B7-B58C1C13606E}.Debug|Any CPU.ActiveCfg = Debug|Any CPU
		{CC276E97-D885-4A3A-97B7-B58C1C13606E}.Debug|Any CPU.Build.0 = Debug|Any CPU
		{CC276E97-D885-4A3A-97B7-B58C1C13606E}.Release|Any CPU.ActiveCfg = Release|Any CPU
		{CC276E97-D885-4A3A-97B7-B58C1C13606E}.Release|Any CPU.Build.0 = Release|Any CPU
	EndGlobalSection
	GlobalSection(SolutionProperties) = preSolution
		HideSolutionNode = FALSE
	EndGlobalSection
	GlobalSection(ExtensibilityGlobals) = postSolution
		SolutionGuid = {E1BDAAE6-EDC8-46E3-82D1-898799CA6A8A}
	EndGlobalSection
EndGlobal
